
Microsoft Visual Studio Solution File, Format Version 12.00
# Visual Studio 15
VisualStudioVersion = 15.0.28307.421
MinimumVisualStudioVersion = 10.0.40219.1
Project("{FAE04EC0-301F-11D3-BF4B-00C04F79EFBC}") = "TaskInteraction", "70-483-ref_1.2\TaskInteraction.csproj", "{183E9869-AF31-4DEA-A9DD-613D00583596}"
EndProject
Project("{FAE04EC0-301F-11D3-BF4B-00C04F79EFBC}") = "SequentialLocking", "SequentialLocking\SequentialLocking.csproj", "{EEA0935F-059B-4F24-B5A0-5BB19BD0139F}"
EndProject
Project("{FAE04EC0-301F-11D3-BF4B-00C04F79EFBC}") = "CancelATask", "CancelATask\CancelATask.csproj", "{DFC1458D-D7B0-4A3D-9FF7-D7507A0BA4E9}"
EndProject
Project("{FAE04EC0-301F-11D3-BF4B-00C04F79EFBC}") = "CancelWithException", "CancelWithException\CancelWithException.csproj", "{F85EF287-CDBA-4A71-B434-4B2E083A90F2}"
EndProject
Global
	GlobalSection(SolutionConfigurationPlatforms) = preSolution
		Debug|Any CPU = Debug|Any CPU
		Release|Any CPU = Release|Any CPU
	EndGlobalSection
	GlobalSection(ProjectConfigurationPlatforms) = postSolution
		{183E9869-AF31-4DEA-A9DD-613D00583596}.Debug|Any CPU.ActiveCfg = Debug|Any CPU
		{183E9869-AF31-4DEA-A9DD-613D00583596}.Debug|Any CPU.Build.0 = Debug|Any CPU
		{183E9869-AF31-4DEA-A9DD-613D00583596}.Release|Any CPU.ActiveCfg = Release|Any CPU
		{183E9869-AF31-4DEA-A9DD-613D00583596}.Release|Any CPU.Build.0 = Release|Any CPU
		{EEA0935F-059B-4F24-B5A0-5BB19BD0139F}.Debug|Any CPU.ActiveCfg = Debug|Any CPU
		{EEA0935F-059B-4F24-B5A0-5BB19BD0139F}.Debug|Any CPU.Build.0 = Debug|Any CPU
		{EEA0935F-059B-4F24-B5A0-5BB19BD0139F}.Release|Any CPU.ActiveCfg = Release|Any CPU
		{EEA0935F-059B-4F24-B5A0-5BB19BD0139F}.Release|Any CPU.Build.0 = Release|Any CPU
		{DFC1458D-D7B0-4A3D-9FF7-D7507A0BA4E9}.Debug|Any CPU.ActiveCfg = Debug|Any CPU
		{DFC1458D-D7B0-4A3D-9FF7-D7507A0BA4E9}.Debug|Any CPU.Build.0 = Debug|Any CPU
		{DFC1458D-D7B0-4A3D-9FF7-D7507A0BA4E9}.Release|Any CPU.ActiveCfg = Release|Any CPU
		{DFC1458D-D7B0-4A3D-9FF7-D7507A0BA4E9}.Release|Any CPU.Build.0 = Release|Any CPU
		{F85EF287-CDBA-4A71-B434-4B2E083A90F2}.Debug|Any CPU.ActiveCfg = Debug|Any CPU
		{F85EF287-CDBA-4A71-B434-4B2E083A90F2}.Debug|Any CPU.Build.0 = Debug|Any CPU
		{F85EF287-CDBA-4A71-B434-4B2E083A90F2}.Release|Any CPU.ActiveCfg = Release|Any CPU
		{F85EF287-CDBA-4A71-B434-4B2E083A90F2}.Release|Any CPU.Build.0 = Release|Any CPU
	EndGlobalSection
	GlobalSection(SolutionProperties) = preSolution
		HideSolutionNode = FALSE
	EndGlobalSection
	GlobalSection(ExtensibilityGlobals) = postSolution
		SolutionGuid = {5300AFC9-3250-4CB9-96B6-F77897CFFD14}
	EndGlobalSection
EndGlobal
